
Microsoft Visual Studio Solution File, Format Version 12.00
# Visual Studio Version 17
VisualStudioVersion = 17.14.36705.20 d17.14
MinimumVisualStudioVersion = 10.0.40219.1
Project("{FAE04EC0-301F-11D3-BF4B-00C04F79EFBC}") = "StitchTrack.Domain", "src\StitchTrack.Domain\StitchTrack.Domain.csproj", "{1EA62ED0-8785-4B49-89F8-FA09E75F2876}"
EndProject
Project("{FAE04EC0-301F-11D3-BF4B-00C04F79EFBC}") = "StitchTrack.Application", "src\StitchTrack.Application\StitchTrack.Application.csproj", "{F7B3D4C8-8E37-4BAC-BAA4-35D0888CEC95}"
EndProject
Project("{FAE04EC0-301F-11D3-BF4B-00C04F79EFBC}") = "StitchTrack.Infrastructure", "src\StitchTrack.Infrastructure\StitchTrack.Infrastructure.csproj", "{2989804B-69F3-4DD3-AC4A-195B85891F15}"
EndProject
Project("{FAE04EC0-301F-11D3-BF4B-00C04F79EFBC}") = "StitchTrack.MAUI", "src\StitchTrack.MAUI\StitchTrack.MAUI.csproj", "{51A90FB4-E9D6-4DA5-AD54-41425BCBF199}"
EndProject
Project("{FAE04EC0-301F-11D3-BF4B-00C04F79EFBC}") = "StitchTrack.Domain.Tests", "tests\StitchTrack.Domain.Tests\StitchTrack.Domain.Tests.csproj", "{9B96DF15-6CB3-4FB1-9D3B-767576A94002}"
EndProject
Project("{FAE04EC0-301F-11D3-BF4B-00C04F79EFBC}") = "StitchTrack.IntegrationTests", "tests\StitchTrack.IntegrationTests\StitchTrack.IntegrationTests.csproj", "{8C05FCF7-E718-4A96-9F8A-CB3D8783EAF8}"
EndProject
Global
	GlobalSection(SolutionConfigurationPlatforms) = preSolution
		Debug|Any CPU = Debug|Any CPU
		Release|Any CPU = Release|Any CPU
	EndGlobalSection
	GlobalSection(ProjectConfigurationPlatforms) = postSolution
		{1EA62ED0-8785-4B49-89F8-FA09E75F2876}.Debug|Any CPU.ActiveCfg = Debug|Any CPU
		{1EA62ED0-8785-4B49-89F8-FA09E75F2876}.Debug|Any CPU.Build.0 = Debug|Any CPU
		{1EA62ED0-8785-4B49-89F8-FA09E75F2876}.Release|Any CPU.ActiveCfg = Release|Any CPU
		{1EA62ED0-8785-4B49-89F8-FA09E75F2876}.Release|Any CPU.Build.0 = Release|Any CPU
		{F7B3D4C8-8E37-4BAC-BAA4-35D0888CEC95}.Debug|Any CPU.ActiveCfg = Debug|Any CPU
		{F7B3D4C8-8E37-4BAC-BAA4-35D0888CEC95}.Debug|Any CPU.Build.0 = Debug|Any CPU
		{F7B3D4C8-8E37-4BAC-BAA4-35D0888CEC95}.Release|Any CPU.ActiveCfg = Release|Any CPU
		{F7B3D4C8-8E37-4BAC-BAA4-35D0888CEC95}.Release|Any CPU.Build.0 = Release|Any CPU
		{2989804B-69F3-4DD3-AC4A-195B85891F15}.Debug|Any CPU.ActiveCfg = Debug|Any CPU
		{2989804B-69F3-4DD3-AC4A-195B85891F15}.Debug|Any CPU.Build.0 = Debug|Any CPU
		{2989804B-69F3-4DD3-AC4A-195B85891F15}.Release|Any CPU.ActiveCfg = Release|Any CPU
		{2989804B-69F3-4DD3-AC4A-195B85891F15}.Release|Any CPU.Build.0 = Release|Any CPU
		{51A90FB4-E9D6-4DA5-AD54-41425BCBF199}.Debug|Any CPU.ActiveCfg = Debug|Any CPU
		{51A90FB4-E9D6-4DA5-AD54-41425BCBF199}.Debug|Any CPU.Build.0 = Debug|Any CPU
		{51A90FB4-E9D6-4DA5-AD54-41425BCBF199}.Debug|Any CPU.Deploy.0 = Debug|Any CPU
		{51A90FB4-E9D6-4DA5-AD54-41425BCBF199}.Release|Any CPU.ActiveCfg = Release|Any CPU
		{51A90FB4-E9D6-4DA5-AD54-41425BCBF199}.Release|Any CPU.Build.0 = Release|Any CPU
		{51A90FB4-E9D6-4DA5-AD54-41425BCBF199}.Release|Any CPU.Deploy.0 = Release|Any CPU
		{9B96DF15-6CB3-4FB1-9D3B-767576A94002}.Debug|Any CPU.ActiveCfg = Debug|Any CPU
		{9B96DF15-6CB3-4FB1-9D3B-767576A94002}.Debug|Any CPU.Build.0 = Debug|Any CPU
		{9B96DF15-6CB3-4FB1-9D3B-767576A94002}.Release|Any CPU.ActiveCfg = Release|Any CPU
		{9B96DF15-6CB3-4FB1-9D3B-767576A94002}.Release|Any CPU.Build.0 = Release|Any CPU
		{8C05FCF7-E718-4A96-9F8A-CB3D8783EAF8}.Debug|Any CPU.ActiveCfg = Debug|Any CPU
		{8C05FCF7-E718-4A96-9F8A-CB3D8783EAF8}.Debug|Any CPU.Build.0 = Debug|Any CPU
		{8C05FCF7-E718-4A96-9F8A-CB3D8783EAF8}.Release|Any CPU.ActiveCfg = Release|Any CPU
		{8C05FCF7-E718-4A96-9F8A-CB3D8783EAF8}.Release|Any CPU.Build.0 = Release|Any CPU
	EndGlobalSection
	GlobalSection(SolutionProperties) = preSolution
		HideSolutionNode = FALSE
	EndGlobalSection
	GlobalSection(ExtensibilityGlobals) = postSolution
		SolutionGuid = {5533D267-2521-4035-81BD-069B66453F15}
	EndGlobalSection
EndGlobal
